
Microsoft Visual Studio Solution File, Format Version 12.00
# Visual Studio Version 16
VisualStudioVersion = 16.0.808.8
MinimumVisualStudioVersion = 10.0.40219.1
Project("{2150E333-8FDC-42A3-9474-1A3956D46DE8}") = "Exemples", "Exemples", "{55E9FCA1-520A-410C-8F2C-EACA1E71DA5C}"
EndProject
Project("{FAE04EC0-301F-11D3-BF4B-00C04F79EFBC}") = "DecouverteForEach", "webmvcdotnetavecvscommunity\DecouverteForEach\DecouverteForEach.csproj", "{EEE132D5-6760-4D9F-9C73-02594D877476}"
EndProject
Project("{9344BDBB-3E7F-41FC-A0DD-8665D75EE146}") = "webmvcdotnetavecvscommunity", "webmvcdotnetavecvscommunity\webmvcdotnetavecvscommunity.csproj", "{F74E202C-34F8-448D-9D83-61EE87D8CC40}"
EndProject
Project("{FAE04EC0-301F-11D3-BF4B-00C04F79EFBC}") = "jeudontonestleheros.Web.UI", "jeudontonestleheros.Web.UI\jeudontonestleheros.Web.UI.csproj", "{DFEC9DE2-6916-4903-8715-A56197133DA0}"
EndProject
Project("{FAE04EC0-301F-11D3-BF4B-00C04F79EFBC}") = "jeudontonestlehero.Core.Data", "jeudontonestlehero.Core.Data\jeudontonestlehero.Core.Data.csproj", "{3F1AE212-55F7-413C-99B1-5C3A0D098054}"
EndProject
Project("{2150E333-8FDC-42A3-9474-1A3956D46DE8}") = "Libs", "Libs", "{BBB490C8-F9F5-4647-92CE-4B286C550E46}"
EndProject
Project("{FAE04EC0-301F-11D3-BF4B-00C04F79EFBC}") = "jeudontonestleheros.Backoffice.Web.UI", "jeudontonestleheros.Backoffice.Web.UI\jeudontonestleheros.Backoffice.Web.UI.csproj", "{71BB286A-E3AC-46CC-A608-827B5634ACC3}"
EndProject
Global
	GlobalSection(SolutionConfigurationPlatforms) = preSolution
		Debug|Any CPU = Debug|Any CPU
		Release|Any CPU = Release|Any CPU
	EndGlobalSection
	GlobalSection(ProjectConfigurationPlatforms) = postSolution
		{EEE132D5-6760-4D9F-9C73-02594D877476}.Debug|Any CPU.ActiveCfg = Debug|Any CPU
		{EEE132D5-6760-4D9F-9C73-02594D877476}.Debug|Any CPU.Build.0 = Debug|Any CPU
		{EEE132D5-6760-4D9F-9C73-02594D877476}.Release|Any CPU.ActiveCfg = Release|Any CPU
		{EEE132D5-6760-4D9F-9C73-02594D877476}.Release|Any CPU.Build.0 = Release|Any CPU
		{F74E202C-34F8-448D-9D83-61EE87D8CC40}.Debug|Any CPU.ActiveCfg = Debug|Any CPU
		{F74E202C-34F8-448D-9D83-61EE87D8CC40}.Debug|Any CPU.Build.0 = Debug|Any CPU
		{F74E202C-34F8-448D-9D83-61EE87D8CC40}.Release|Any CPU.ActiveCfg = Release|Any CPU
		{F74E202C-34F8-448D-9D83-61EE87D8CC40}.Release|Any CPU.Build.0 = Release|Any CPU
		{DFEC9DE2-6916-4903-8715-A56197133DA0}.Debug|Any CPU.ActiveCfg = Debug|Any CPU
		{DFEC9DE2-6916-4903-8715-A56197133DA0}.Debug|Any CPU.Build.0 = Debug|Any CPU
		{DFEC9DE2-6916-4903-8715-A56197133DA0}.Release|Any CPU.ActiveCfg = Release|Any CPU
		{DFEC9DE2-6916-4903-8715-A56197133DA0}.Release|Any CPU.Build.0 = Release|Any CPU
		{3F1AE212-55F7-413C-99B1-5C3A0D098054}.Debug|Any CPU.ActiveCfg = Debug|Any CPU
		{3F1AE212-55F7-413C-99B1-5C3A0D098054}.Debug|Any CPU.Build.0 = Debug|Any CPU
		{3F1AE212-55F7-413C-99B1-5C3A0D098054}.Release|Any CPU.ActiveCfg = Release|Any CPU
		{3F1AE212-55F7-413C-99B1-5C3A0D098054}.Release|Any CPU.Build.0 = Release|Any CPU
		{71BB286A-E3AC-46CC-A608-827B5634ACC3}.Debug|Any CPU.ActiveCfg = Debug|Any CPU
		{71BB286A-E3AC-46CC-A608-827B5634ACC3}.Debug|Any CPU.Build.0 = Debug|Any CPU
		{71BB286A-E3AC-46CC-A608-827B5634ACC3}.Release|Any CPU.ActiveCfg = Release|Any CPU
		{71BB286A-E3AC-46CC-A608-827B5634ACC3}.Release|Any CPU.Build.0 = Release|Any CPU
	EndGlobalSection
	GlobalSection(SolutionProperties) = preSolution
		HideSolutionNode = FALSE
	EndGlobalSection
	GlobalSection(ExtensibilityGlobals) = postSolution
		SolutionGuid = {21F40B03-8100-4AFF-A915-7C000C34CCAF}
	EndGlobalSection
	GlobalSection(NestedProjects) = preSolution
		{EEE132D5-6760-4D9F-9C73-02594D877476} = {55E9FCA1-520A-410C-8F2C-EACA1E71DA5C}
		{F74E202C-34F8-448D-9D83-61EE87D8CC40} = {55E9FCA1-520A-410C-8F2C-EACA1E71DA5C}
		{3F1AE212-55F7-413C-99B1-5C3A0D098054} = {BBB490C8-F9F5-4647-92CE-4B286C550E46}
	EndGlobalSection
EndGlobal
